
Microsoft Visual Studio Solution File, Format Version 12.00
# Visual Studio Version 17
VisualStudioVersion = 17.1.32421.90
MinimumVisualStudioVersion = 10.0.40219.1
Project("{FAE04EC0-301F-11D3-BF4B-00C04F79EFBC}") = "Criar pessoa", "Criar pessoa\Criar pessoa.csproj", "{35825ADD-5230-4DB0-81BD-6C79CE267FFD}"
EndProject
Global
	GlobalSection(SolutionConfigurationPlatforms) = preSolution
		Debug|Any CPU = Debug|Any CPU
		Release|Any CPU = Release|Any CPU
	EndGlobalSection
	GlobalSection(ProjectConfigurationPlatforms) = postSolution
		{35825ADD-5230-4DB0-81BD-6C79CE267FFD}.Debug|Any CPU.ActiveCfg = Debug|Any CPU
		{35825ADD-5230-4DB0-81BD-6C79CE267FFD}.Debug|Any CPU.Build.0 = Debug|Any CPU
		{35825ADD-5230-4DB0-81BD-6C79CE267FFD}.Release|Any CPU.ActiveCfg = Release|Any CPU
		{35825ADD-5230-4DB0-81BD-6C79CE267FFD}.Release|Any CPU.Build.0 = Release|Any CPU
	EndGlobalSection
	GlobalSection(SolutionProperties) = preSolution
		HideSolutionNode = FALSE
	EndGlobalSection
	GlobalSection(ExtensibilityGlobals) = postSolution
		SolutionGuid = {AB298459-4D4D-4FC8-AC7E-60B6060A1481}
	EndGlobalSection
EndGlobal
